
Microsoft Visual Studio Solution File, Format Version 11.00
# Visual Studio 2010
Project("{FAE04EC0-301F-11D3-BF4B-00C04F79EFBC}") = "Retouren-Management", "Retouren-Management\Retouren-Management.csproj", "{A482E74E-B666-4BCC-A256-18AE3596A4DE}"
EndProject
Project("{2150E333-8FDC-42A3-9474-1A3956D46DE8}") = "Solution Items", "Solution Items", "{C9D60C7A-0E41-4207-BD39-48AF7CF5BBA1}"
	ProjectSection(SolutionItems) = preProject
		README.md = README.md
	EndProjectSection
EndProject
Global
	GlobalSection(SolutionConfigurationPlatforms) = preSolution
		Debug|x86 = Debug|x86
		Release|x86 = Release|x86
	EndGlobalSection
	GlobalSection(ProjectConfigurationPlatforms) = postSolution
		{A482E74E-B666-4BCC-A256-18AE3596A4DE}.Debug|x86.ActiveCfg = Debug|x86
		{A482E74E-B666-4BCC-A256-18AE3596A4DE}.Debug|x86.Build.0 = Debug|x86
		{A482E74E-B666-4BCC-A256-18AE3596A4DE}.Release|x86.ActiveCfg = Release|x86
		{A482E74E-B666-4BCC-A256-18AE3596A4DE}.Release|x86.Build.0 = Release|x86
	EndGlobalSection
	GlobalSection(SolutionProperties) = preSolution
		HideSolutionNode = FALSE
	EndGlobalSection
EndGlobal
